
Microsoft Visual Studio Solution File, Format Version 12.00
# Visual Studio Version 16
VisualStudioVersion = 16.0.29613.14
MinimumVisualStudioVersion = 10.0.40219.1
Project("{FAE04EC0-301F-11D3-BF4B-00C04F79EFBC}") = "MobCrudXamarin.Android", "MobCrudXamarin\MobCrudXamarin.Android\MobCrudXamarin.Android.csproj", "{562FD136-F929-44E1-9EFF-803198FFCA95}"
EndProject
Project("{FAE04EC0-301F-11D3-BF4B-00C04F79EFBC}") = "MobCrudXamarin.iOS", "MobCrudXamarin\MobCrudXamarin.iOS\MobCrudXamarin.iOS.csproj", "{0F5FAB96-2B98-4F8D-A79F-8F57F78545F4}"
EndProject
Project("{FAE04EC0-301F-11D3-BF4B-00C04F79EFBC}") = "MobCrudXamarin", "MobCrudXamarin\MobCrudXamarin\MobCrudXamarin.csproj", "{2DCEC394-9114-4469-9F6E-06A8211908BA}"
EndProject
Global
	GlobalSection(SolutionConfigurationPlatforms) = preSolution
		Debug|Any CPU = Debug|Any CPU
		Debug|iPhone = Debug|iPhone
		Debug|iPhoneSimulator = Debug|iPhoneSimulator
		Release|Any CPU = Release|Any CPU
		Release|iPhone = Release|iPhone
		Release|iPhoneSimulator = Release|iPhoneSimulator
	EndGlobalSection
	GlobalSection(ProjectConfigurationPlatforms) = postSolution
		{562FD136-F929-44E1-9EFF-803198FFCA95}.Debug|Any CPU.ActiveCfg = Debug|Any CPU
		{562FD136-F929-44E1-9EFF-803198FFCA95}.Debug|Any CPU.Build.0 = Debug|Any CPU
		{562FD136-F929-44E1-9EFF-803198FFCA95}.Debug|Any CPU.Deploy.0 = Debug|Any CPU
		{562FD136-F929-44E1-9EFF-803198FFCA95}.Debug|iPhone.ActiveCfg = Debug|Any CPU
		{562FD136-F929-44E1-9EFF-803198FFCA95}.Debug|iPhone.Build.0 = Debug|Any CPU
		{562FD136-F929-44E1-9EFF-803198FFCA95}.Debug|iPhone.Deploy.0 = Debug|Any CPU
		{562FD136-F929-44E1-9EFF-803198FFCA95}.Debug|iPhoneSimulator.ActiveCfg = Debug|Any CPU
		{562FD136-F929-44E1-9EFF-803198FFCA95}.Debug|iPhoneSimulator.Build.0 = Debug|Any CPU
		{562FD136-F929-44E1-9EFF-803198FFCA95}.Debug|iPhoneSimulator.Deploy.0 = Debug|Any CPU
		{562FD136-F929-44E1-9EFF-803198FFCA95}.Release|Any CPU.ActiveCfg = Release|Any CPU
		{562FD136-F929-44E1-9EFF-803198FFCA95}.Release|Any CPU.Build.0 = Release|Any CPU
		{562FD136-F929-44E1-9EFF-803198FFCA95}.Release|Any CPU.Deploy.0 = Release|Any CPU
		{562FD136-F929-44E1-9EFF-803198FFCA95}.Release|iPhone.ActiveCfg = Release|Any CPU
		{562FD136-F929-44E1-9EFF-803198FFCA95}.Release|iPhone.Build.0 = Release|Any CPU
		{562FD136-F929-44E1-9EFF-803198FFCA95}.Release|iPhone.Deploy.0 = Release|Any CPU
		{562FD136-F929-44E1-9EFF-803198FFCA95}.Release|iPhoneSimulator.ActiveCfg = Release|Any CPU
		{562FD136-F929-44E1-9EFF-803198FFCA95}.Release|iPhoneSimulator.Build.0 = Release|Any CPU
		{562FD136-F929-44E1-9EFF-803198FFCA95}.Release|iPhoneSimulator.Deploy.0 = Release|Any CPU
		{0F5FAB96-2B98-4F8D-A79F-8F57F78545F4}.Debug|Any CPU.ActiveCfg = Debug|iPhoneSimulator
		{0F5FAB96-2B98-4F8D-A79F-8F57F78545F4}.Debug|Any CPU.Build.0 = Debug|iPhoneSimulator
		{0F5FAB96-2B98-4F8D-A79F-8F57F78545F4}.Debug|Any CPU.Deploy.0 = Debug|iPhoneSimulator
		{0F5FAB96-2B98-4F8D-A79F-8F57F78545F4}.Debug|iPhone.ActiveCfg = Debug|iPhone
		{0F5FAB96-2B98-4F8D-A79F-8F57F78545F4}.Debug|iPhone.Build.0 = Debug|iPhone
		{0F5FAB96-2B98-4F8D-A79F-8F57F78545F4}.Debug|iPhone.Deploy.0 = Debug|iPhone
		{0F5FAB96-2B98-4F8D-A79F-8F57F78545F4}.Debug|iPhoneSimulator.ActiveCfg = Debug|iPhoneSimulator
		{0F5FAB96-2B98-4F8D-A79F-8F57F78545F4}.Debug|iPhoneSimulator.Build.0 = Debug|iPhoneSimulator
		{0F5FAB96-2B98-4F8D-A79F-8F57F78545F4}.Debug|iPhoneSimulator.Deploy.0 = Debug|iPhoneSimulator
		{0F5FAB96-2B98-4F8D-A79F-8F57F78545F4}.Release|Any CPU.ActiveCfg = Release|iPhone
		{0F5FAB96-2B98-4F8D-A79F-8F57F78545F4}.Release|Any CPU.Build.0 = Release|iPhone
		{0F5FAB96-2B98-4F8D-A79F-8F57F78545F4}.Release|Any CPU.Deploy.0 = Release|iPhone
		{0F5FAB96-2B98-4F8D-A79F-8F57F78545F4}.Release|iPhone.ActiveCfg = Release|iPhone
		{0F5FAB96-2B98-4F8D-A79F-8F57F78545F4}.Release|iPhone.Build.0 = Release|iPhone
		{0F5FAB96-2B98-4F8D-A79F-8F57F78545F4}.Release|iPhone.Deploy.0 = Release|iPhone
		{0F5FAB96-2B98-4F8D-A79F-8F57F78545F4}.Release|iPhoneSimulator.ActiveCfg = Release|iPhoneSimulator
		{0F5FAB96-2B98-4F8D-A79F-8F57F78545F4}.Release|iPhoneSimulator.Build.0 = Release|iPhoneSimulator
		{0F5FAB96-2B98-4F8D-A79F-8F57F78545F4}.Release|iPhoneSimulator.Deploy.0 = Release|iPhoneSimulator
		{2DCEC394-9114-4469-9F6E-06A8211908BA}.Debug|Any CPU.ActiveCfg = Debug|Any CPU
		{2DCEC394-9114-4469-9F6E-06A8211908BA}.Debug|Any CPU.Build.0 = Debug|Any CPU
		{2DCEC394-9114-4469-9F6E-06A8211908BA}.Debug|Any CPU.Deploy.0 = Debug|Any CPU
		{2DCEC394-9114-4469-9F6E-06A8211908BA}.Debug|iPhone.ActiveCfg = Debug|Any CPU
		{2DCEC394-9114-4469-9F6E-06A8211908BA}.Debug|iPhone.Build.0 = Debug|Any CPU
		{2DCEC394-9114-4469-9F6E-06A8211908BA}.Debug|iPhone.Deploy.0 = Debug|Any CPU
		{2DCEC394-9114-4469-9F6E-06A8211908BA}.Debug|iPhoneSimulator.ActiveCfg = Debug|Any CPU
		{2DCEC394-9114-4469-9F6E-06A8211908BA}.Debug|iPhoneSimulator.Build.0 = Debug|Any CPU
		{2DCEC394-9114-4469-9F6E-06A8211908BA}.Debug|iPhoneSimulator.Deploy.0 = Debug|Any CPU
		{2DCEC394-9114-4469-9F6E-06A8211908BA}.Release|Any CPU.ActiveCfg = Release|Any CPU
		{2DCEC394-9114-4469-9F6E-06A8211908BA}.Release|Any CPU.Build.0 = Release|Any CPU
		{2DCEC394-9114-4469-9F6E-06A8211908BA}.Release|Any CPU.Deploy.0 = Release|Any CPU
		{2DCEC394-9114-4469-9F6E-06A8211908BA}.Release|iPhone.ActiveCfg = Release|Any CPU
		{2DCEC394-9114-4469-9F6E-06A8211908BA}.Release|iPhone.Build.0 = Release|Any CPU
		{2DCEC394-9114-4469-9F6E-06A8211908BA}.Release|iPhone.Deploy.0 = Release|Any CPU
		{2DCEC394-9114-4469-9F6E-06A8211908BA}.Release|iPhoneSimulator.ActiveCfg = Release|Any CPU
		{2DCEC394-9114-4469-9F6E-06A8211908BA}.Release|iPhoneSimulator.Build.0 = Release|Any CPU
		{2DCEC394-9114-4469-9F6E-06A8211908BA}.Release|iPhoneSimulator.Deploy.0 = Release|Any CPU
	EndGlobalSection
	GlobalSection(SolutionProperties) = preSolution
		HideSolutionNode = FALSE
	EndGlobalSection
	GlobalSection(ExtensibilityGlobals) = postSolution
		SolutionGuid = {C6DBF43D-FE42-4E7C-8499-81D95A4F2E77}
	EndGlobalSection
EndGlobal
